
Microsoft Visual Studio Solution File, Format Version 12.00
# Visual Studio 2013
VisualStudioVersion = 12.0.21005.1
MinimumVisualStudioVersion = 10.0.40219.1
Project("{FAE04EC0-301F-11D3-BF4B-00C04F79EFBC}") = "DocPlagiarizer", "DocPlagiarizer\DocPlagiarizer.csproj", "{DA4E8C3A-AD27-459A-8CCC-4FFB88D22F6D}"
EndProject
Project("{2150E333-8FDC-42A3-9474-1A3956D46DE8}") = "TestProject", "TestProject", "{CA57FC94-4782-4C6B-8E68-D6DA1871A499}"
	ProjectSection(SolutionItems) = preProject
		DocPlagiarizer.TestProject\DocPlagiarizer.TestProject.csproj = DocPlagiarizer.TestProject\DocPlagiarizer.TestProject.csproj
		DocPlagiarizer.TestProject\TheClass.cs = DocPlagiarizer.TestProject\TheClass.cs
		DocPlagiarizer.TestProject\TheInterface.cs = DocPlagiarizer.TestProject\TheInterface.cs
		DocPlagiarizer.TestProject\TheOtherClass.cs = DocPlagiarizer.TestProject\TheOtherClass.cs
		DocPlagiarizer.TestProject\TheOtherInterface.cs = DocPlagiarizer.TestProject\TheOtherInterface.cs
		DocPlagiarizer.TestProject\TheStruct.cs = DocPlagiarizer.TestProject\TheStruct.cs
	EndProjectSection
EndProject
Project("{2150E333-8FDC-42A3-9474-1A3956D46DE8}") = "Solution Items", "Solution Items", "{34B18AE1-B0B9-4CEF-A97F-DCD106CBD545}"
	ProjectSection(SolutionItems) = preProject
		..\.gitattributes = ..\.gitattributes
		..\.gitignore = ..\.gitignore
		..\build.bat = ..\build.bat
		..\build.fsx = ..\build.fsx
		..\LICENSE.txt = ..\LICENSE.txt
		..\README.md = ..\README.md
	EndProjectSection
EndProject
Global
	GlobalSection(SolutionConfigurationPlatforms) = preSolution
		Debug|Any CPU = Debug|Any CPU
		Release|Any CPU = Release|Any CPU
	EndGlobalSection
	GlobalSection(ProjectConfigurationPlatforms) = postSolution
		{DA4E8C3A-AD27-459A-8CCC-4FFB88D22F6D}.Debug|Any CPU.ActiveCfg = Debug|Any CPU
		{DA4E8C3A-AD27-459A-8CCC-4FFB88D22F6D}.Debug|Any CPU.Build.0 = Debug|Any CPU
		{DA4E8C3A-AD27-459A-8CCC-4FFB88D22F6D}.Release|Any CPU.ActiveCfg = Release|Any CPU
		{DA4E8C3A-AD27-459A-8CCC-4FFB88D22F6D}.Release|Any CPU.Build.0 = Release|Any CPU
	EndGlobalSection
	GlobalSection(SolutionProperties) = preSolution
		HideSolutionNode = FALSE
	EndGlobalSection
EndGlobal
